
Microsoft Visual Studio Solution File, Format Version 12.00
Project("{FAE04EC0-301F-11D3-BF4B-00C04F79EFBC}") = "Conserge", "Conserge.csproj", "{CEBB07AA-24E3-4ADA-95AD-4CD5ACBB5204}"
EndProject
Global
	GlobalSection(SolutionConfigurationPlatforms) = preSolution
		Debug|Any CPU = Debug|Any CPU
		Release|Any CPU = Release|Any CPU
	EndGlobalSection
	GlobalSection(ProjectConfigurationPlatforms) = postSolution
		{CEBB07AA-24E3-4ADA-95AD-4CD5ACBB5204}.Debug|Any CPU.ActiveCfg = Debug|Any CPU
		{CEBB07AA-24E3-4ADA-95AD-4CD5ACBB5204}.Debug|Any CPU.Build.0 = Debug|Any CPU
		{CEBB07AA-24E3-4ADA-95AD-4CD5ACBB5204}.Release|Any CPU.ActiveCfg = Release|Any CPU
		{CEBB07AA-24E3-4ADA-95AD-4CD5ACBB5204}.Release|Any CPU.Build.0 = Release|Any CPU
	EndGlobalSection
EndGlobal
